
Microsoft Visual Studio Solution File, Format Version 12.00
# Visual Studio Version 17
VisualStudioVersion = 17.9.34728.123
MinimumVisualStudioVersion = 10.0.40219.1
Project("{9A19103F-16F7-4668-BE54-9A1E7A4F7556}") = "HelloWorld", "HelloWorld\HelloWorld.csproj", "{C3B43331-08A2-41E5-ABAF-B40C4549A2DA}"
EndProject
Project("{2150E333-8FDC-42A3-9474-1A3956D46DE8}") = "Solution Items", "Solution Items", "{B604952C-EFB8-49F0-81ED-BE76B74C9CF6}"
	ProjectSection(SolutionItems) = preProject
		..\..\.editorconfig = ..\..\.editorconfig
		..\..\.gitignore = ..\..\.gitignore
		..\..\Directory.Build.props = ..\..\Directory.Build.props
		..\..\Directory.Build.targets = ..\..\Directory.Build.targets
		..\..\Directory.Packages.props = ..\..\Directory.Packages.props
		..\..\global.json = ..\..\global.json
	EndProjectSection
EndProject
Project("{9A19103F-16F7-4668-BE54-9A1E7A4F7556}") = "ModuleA", "ModuleA\ModuleA.csproj", "{8C3B3037-4461-43F8-A6EF-76E637347F31}"
EndProject
Project("{9A19103F-16F7-4668-BE54-9A1E7A4F7556}") = "Prism.Core", "..\..\src\Prism.Core\Prism.Core.csproj", "{1E2B09EE-4D72-4CA6-AB8D-936FE004C9EC}"
EndProject
Project("{9A19103F-16F7-4668-BE54-9A1E7A4F7556}") = "Prism.Events", "..\..\src\Prism.Events\Prism.Events.csproj", "{342EB4F5-312A-47A9-93D8-515A30D10A20}"
EndProject
Project("{9A19103F-16F7-4668-BE54-9A1E7A4F7556}") = "Prism.Uno.WinUI", "..\..\src\Uno\Prism.Uno\Prism.Uno.WinUI.csproj", "{69D17AC2-04DB-4C64-987E-DAAA8AFD8758}"
EndProject
Project("{9A19103F-16F7-4668-BE54-9A1E7A4F7556}") = "Prism.Uno.WinUI.Markup", "..\..\src\Uno\Prism.Uno.Markup\Prism.Uno.WinUI.Markup.csproj", "{354EC3DE-FBA1-4CD0-9839-7CE2EE0C4585}"
EndProject
Project("{9A19103F-16F7-4668-BE54-9A1E7A4F7556}") = "Prism.DryIoc.Uno.WinUI", "..\..\src\Uno\Prism.DryIoc.Uno\Prism.DryIoc.Uno.WinUI.csproj", "{97ED1C8C-DC18-4279-AB30-E52FE8E0542B}"
EndProject
Project("{2150E333-8FDC-42A3-9474-1A3956D46DE8}") = "sample", "sample", "{DAD298D9-089F-4B4F-AE51-B7E835A1B7EF}"
	ProjectSection(SolutionItems) = preProject
		Directory.Build.props = Directory.Build.props
		Directory.Build.targets = Directory.Build.targets
	EndProjectSection
EndProject
Project("{2150E333-8FDC-42A3-9474-1A3956D46DE8}") = "src", "src", "{1511F4F9-4E36-48D6-BF47-5BDAD091A04D}"
	ProjectSection(SolutionItems) = preProject
		..\..\src\Directory.Build.props = ..\..\src\Directory.Build.props
		..\..\src\Directory.Build.targets = ..\..\src\Directory.Build.targets
	EndProjectSection
EndProject
Global
	GlobalSection(SolutionConfigurationPlatforms) = preSolution
		Debug|Any CPU = Debug|Any CPU
		Release|Any CPU = Release|Any CPU
	EndGlobalSection
	GlobalSection(ProjectConfigurationPlatforms) = postSolution
		{C3B43331-08A2-41E5-ABAF-B40C4549A2DA}.Debug|Any CPU.ActiveCfg = Debug|Any CPU
		{C3B43331-08A2-41E5-ABAF-B40C4549A2DA}.Debug|Any CPU.Build.0 = Debug|Any CPU
		{C3B43331-08A2-41E5-ABAF-B40C4549A2DA}.Debug|Any CPU.Deploy.0 = Debug|Any CPU
		{C3B43331-08A2-41E5-ABAF-B40C4549A2DA}.Release|Any CPU.ActiveCfg = Release|Any CPU
		{C3B43331-08A2-41E5-ABAF-B40C4549A2DA}.Release|Any CPU.Build.0 = Release|Any CPU
		{C3B43331-08A2-41E5-ABAF-B40C4549A2DA}.Release|Any CPU.Deploy.0 = Release|Any CPU
		{8C3B3037-4461-43F8-A6EF-76E637347F31}.Debug|Any CPU.ActiveCfg = Debug|Any CPU
		{8C3B3037-4461-43F8-A6EF-76E637347F31}.Debug|Any CPU.Build.0 = Debug|Any CPU
		{8C3B3037-4461-43F8-A6EF-76E637347F31}.Release|Any CPU.ActiveCfg = Release|Any CPU
		{8C3B3037-4461-43F8-A6EF-76E637347F31}.Release|Any CPU.Build.0 = Release|Any CPU
		{1E2B09EE-4D72-4CA6-AB8D-936FE004C9EC}.Debug|Any CPU.ActiveCfg = Debug|Any CPU
		{1E2B09EE-4D72-4CA6-AB8D-936FE004C9EC}.Debug|Any CPU.Build.0 = Debug|Any CPU
		{1E2B09EE-4D72-4CA6-AB8D-936FE004C9EC}.Release|Any CPU.ActiveCfg = Release|Any CPU
		{1E2B09EE-4D72-4CA6-AB8D-936FE004C9EC}.Release|Any CPU.Build.0 = Release|Any CPU
		{342EB4F5-312A-47A9-93D8-515A30D10A20}.Debug|Any CPU.ActiveCfg = Debug|Any CPU
		{342EB4F5-312A-47A9-93D8-515A30D10A20}.Debug|Any CPU.Build.0 = Debug|Any CPU
		{342EB4F5-312A-47A9-93D8-515A30D10A20}.Release|Any CPU.ActiveCfg = Release|Any CPU
		{342EB4F5-312A-47A9-93D8-515A30D10A20}.Release|Any CPU.Build.0 = Release|Any CPU
		{69D17AC2-04DB-4C64-987E-DAAA8AFD8758}.Debug|Any CPU.ActiveCfg = Debug|Any CPU
		{69D17AC2-04DB-4C64-987E-DAAA8AFD8758}.Debug|Any CPU.Build.0 = Debug|Any CPU
		{69D17AC2-04DB-4C64-987E-DAAA8AFD8758}.Release|Any CPU.ActiveCfg = Release|Any CPU
		{69D17AC2-04DB-4C64-987E-DAAA8AFD8758}.Release|Any CPU.Build.0 = Release|Any CPU
		{354EC3DE-FBA1-4CD0-9839-7CE2EE0C4585}.Debug|Any CPU.ActiveCfg = Debug|Any CPU
		{354EC3DE-FBA1-4CD0-9839-7CE2EE0C4585}.Debug|Any CPU.Build.0 = Debug|Any CPU
		{354EC3DE-FBA1-4CD0-9839-7CE2EE0C4585}.Release|Any CPU.ActiveCfg = Release|Any CPU
		{354EC3DE-FBA1-4CD0-9839-7CE2EE0C4585}.Release|Any CPU.Build.0 = Release|Any CPU
		{97ED1C8C-DC18-4279-AB30-E52FE8E0542B}.Debug|Any CPU.ActiveCfg = Debug|Any CPU
		{97ED1C8C-DC18-4279-AB30-E52FE8E0542B}.Debug|Any CPU.Build.0 = Debug|Any CPU
		{97ED1C8C-DC18-4279-AB30-E52FE8E0542B}.Release|Any CPU.ActiveCfg = Release|Any CPU
		{97ED1C8C-DC18-4279-AB30-E52FE8E0542B}.Release|Any CPU.Build.0 = Release|Any CPU
	EndGlobalSection
	GlobalSection(SolutionProperties) = preSolution
		HideSolutionNode = FALSE
	EndGlobalSection
	GlobalSection(NestedProjects) = preSolution
		{C3B43331-08A2-41E5-ABAF-B40C4549A2DA} = {DAD298D9-089F-4B4F-AE51-B7E835A1B7EF}
		{8C3B3037-4461-43F8-A6EF-76E637347F31} = {DAD298D9-089F-4B4F-AE51-B7E835A1B7EF}
		{1E2B09EE-4D72-4CA6-AB8D-936FE004C9EC} = {1511F4F9-4E36-48D6-BF47-5BDAD091A04D}
		{342EB4F5-312A-47A9-93D8-515A30D10A20} = {1511F4F9-4E36-48D6-BF47-5BDAD091A04D}
		{69D17AC2-04DB-4C64-987E-DAAA8AFD8758} = {1511F4F9-4E36-48D6-BF47-5BDAD091A04D}
		{354EC3DE-FBA1-4CD0-9839-7CE2EE0C4585} = {1511F4F9-4E36-48D6-BF47-5BDAD091A04D}
		{97ED1C8C-DC18-4279-AB30-E52FE8E0542B} = {1511F4F9-4E36-48D6-BF47-5BDAD091A04D}
	EndGlobalSection
	GlobalSection(ExtensibilityGlobals) = postSolution
		SolutionGuid = {5F6873EC-D65E-4163-8217-3B14626621DE}
	EndGlobalSection
EndGlobal
